// !$*UTF8*$!
{
	archiveVersion = 1;
	classes = {
	};
	objectVersion = 50;
	objects = {

/* Begin PBXBuildFile section */
		580B4C5923A3F1C80060E3E2 /* DetailViewController.swift in Sources */ = {isa = PBXBuildFile; fileRef = 580B4C5823A3F1C80060E3E2 /* DetailViewController.swift */; };
		580B4C5B23A3F1CF0060E3E2 /* DetailViewModel.swift in Sources */ = {isa = PBXBuildFile; fileRef = 580B4C5A23A3F1CF0060E3E2 /* DetailViewModel.swift */; };
		580B4C5D23A3F2870060E3E2 /* DetailViewModelTests.swift in Sources */ = {isa = PBXBuildFile; fileRef = 580B4C5C23A3F2870060E3E2 /* DetailViewModelTests.swift */; };
		580B4C5F23A3F2930060E3E2 /* DetailViewControllerTests.swift in Sources */ = {isa = PBXBuildFile; fileRef = 580B4C5E23A3F2930060E3E2 /* DetailViewControllerTests.swift */; };
		5823CAC223A3660B00A03754 /* Date+Extension.swift in Sources */ = {isa = PBXBuildFile; fileRef = 5823CAC123A3660B00A03754 /* Date+Extension.swift */; };
		5823CAC523A369BB00A03754 /* LoadingView.swift in Sources */ = {isa = PBXBuildFile; fileRef = 5823CAC423A369BB00A03754 /* LoadingView.swift */; };
		5823CAC823A36EB500A03754 /* LoadingView.xib in Resources */ = {isa = PBXBuildFile; fileRef = 5823CAC623A369C600A03754 /* LoadingView.xib */; };
		582A7D7923A0D6B2002E2263 /* ViewModelBased.swift in Sources */ = {isa = PBXBuildFile; fileRef = 582A7D7823A0D6B2002E2263 /* ViewModelBased.swift */; };
		582A7D8323A0DA26002E2263 /* Storyboarded.swift in Sources */ = {isa = PBXBuildFile; fileRef = 582A7D8223A0DA26002E2263 /* Storyboarded.swift */; };
		582A7D8523A0DCF7002E2263 /* PriceListViewController.swift in Sources */ = {isa = PBXBuildFile; fileRef = 582A7D8423A0DCF7002E2263 /* PriceListViewController.swift */; };
		582A7D8723A0DD02002E2263 /* PriceListViewModel.swift in Sources */ = {isa = PBXBuildFile; fileRef = 582A7D8623A0DD02002E2263 /* PriceListViewModel.swift */; };
		582A7D8923A0DF1B002E2263 /* PriceListViewControllerTests.swift in Sources */ = {isa = PBXBuildFile; fileRef = 582A7D8823A0DF1B002E2263 /* PriceListViewControllerTests.swift */; };
		582A7D8B23A0DF29002E2263 /* PriceListViewModelTests.swift in Sources */ = {isa = PBXBuildFile; fileRef = 582A7D8A23A0DF29002E2263 /* PriceListViewModelTests.swift */; };
		582A7D9323A0E8BB002E2263 /* Repository.swift in Sources */ = {isa = PBXBuildFile; fileRef = 582A7D9223A0E8BB002E2263 /* Repository.swift */; };
		582A7D9523A0E8C4002E2263 /* MockRepository.swift in Sources */ = {isa = PBXBuildFile; fileRef = 582A7D9423A0E8C4002E2263 /* MockRepository.swift */; };
		582A7D9723A0E9BA002E2263 /* CustomError.swift in Sources */ = {isa = PBXBuildFile; fileRef = 582A7D9623A0E9BA002E2263 /* CustomError.swift */; };
		582A7D9923A0F3DA002E2263 /* Price.swift in Sources */ = {isa = PBXBuildFile; fileRef = 582A7D9823A0F3DA002E2263 /* Price.swift */; };
		582A7D9C23A104A0002E2263 /* ListCell.swift in Sources */ = {isa = PBXBuildFile; fileRef = 582A7D9A23A104A0002E2263 /* ListCell.swift */; };
		582A7D9D23A104A0002E2263 /* ListCell.xib in Resources */ = {isa = PBXBuildFile; fileRef = 582A7D9B23A104A0002E2263 /* ListCell.xib */; };
		582A7D9F23A10501002E2263 /* NibLoadableView.swift in Sources */ = {isa = PBXBuildFile; fileRef = 582A7D9E23A10501002E2263 /* NibLoadableView.swift */; };
		582A7DA123A10518002E2263 /* ReusableView.swift in Sources */ = {isa = PBXBuildFile; fileRef = 582A7DA023A10518002E2263 /* ReusableView.swift */; };
		582A7DA423A10558002E2263 /* UITableView+Extension.swift in Sources */ = {isa = PBXBuildFile; fileRef = 582A7DA323A10558002E2263 /* UITableView+Extension.swift */; };
		582A7DA623A10592002E2263 /* UITableViewCell+Extension.swift in Sources */ = {isa = PBXBuildFile; fileRef = 582A7DA523A10592002E2263 /* UITableViewCell+Extension.swift */; };
		582A7DA823A1068B002E2263 /* ListCellViewModel.swift in Sources */ = {isa = PBXBuildFile; fileRef = 582A7DA723A1068B002E2263 /* ListCellViewModel.swift */; };
		582A7DAA23A113F8002E2263 /* UIViewController+Extension.swift in Sources */ = {isa = PBXBuildFile; fileRef = 582A7DA923A113F8002E2263 /* UIViewController+Extension.swift */; };
		582A7DAC23A1167B002E2263 /* Decimal+Extension.swift in Sources */ = {isa = PBXBuildFile; fileRef = 582A7DAB23A1167B002E2263 /* Decimal+Extension.swift */; };
		58644B2923A0D21900137378 /* AppDelegate.swift in Sources */ = {isa = PBXBuildFile; fileRef = 58644B2823A0D21900137378 /* AppDelegate.swift */; };
		58644B2B23A0D21900137378 /* SceneDelegate.swift in Sources */ = {isa = PBXBuildFile; fileRef = 58644B2A23A0D21900137378 /* SceneDelegate.swift */; };
		58644B3023A0D21900137378 /* Main.storyboard in Resources */ = {isa = PBXBuildFile; fileRef = 58644B2E23A0D21900137378 /* Main.storyboard */; };
		58644B3223A0D21D00137378 /* Assets.xcassets in Resources */ = {isa = PBXBuildFile; fileRef = 58644B3123A0D21D00137378 /* Assets.xcassets */; };
		58644B3523A0D21D00137378 /* LaunchScreen.storyboard in Resources */ = {isa = PBXBuildFile; fileRef = 58644B3323A0D21D00137378 /* LaunchScreen.storyboard */; };
		58DDB88C23A4FCF70094B3E9 /* Price+Extensions.swift in Sources */ = {isa = PBXBuildFile; fileRef = 58DDB88B23A4FCF70094B3E9 /* Price+Extensions.swift */; };
		58DDB89B23A502080094B3E9 /* Network.framework in Frameworks */ = {isa = PBXBuildFile; fileRef = 58DDB89223A502080094B3E9 /* Network.framework */; };
		58DDB8A223A502080094B3E9 /* NetworkTests.swift in Sources */ = {isa = PBXBuildFile; fileRef = 58DDB8A123A502080094B3E9 /* NetworkTests.swift */; };
		58DDB8A423A502080094B3E9 /* Network.h in Headers */ = {isa = PBXBuildFile; fileRef = 58DDB89423A502080094B3E9 /* Network.h */; settings = {ATTRIBUTES = (Public, ); }; };
		58DDB8A723A502080094B3E9 /* Network.framework in Frameworks */ = {isa = PBXBuildFile; fileRef = 58DDB89223A502080094B3E9 /* Network.framework */; };
		58DDB8A823A502080094B3E9 /* Network.framework in Embed Frameworks */ = {isa = PBXBuildFile; fileRef = 58DDB89223A502080094B3E9 /* Network.framework */; settings = {ATTRIBUTES = (CodeSignOnCopy, RemoveHeadersOnCopy, ); }; };
		58DDB8B123A5025C0094B3E9 /* SessionManager.swift in Sources */ = {isa = PBXBuildFile; fileRef = 58DDB8B023A5025C0094B3E9 /* SessionManager.swift */; };
		58DDB8B323A502B50094B3E9 /* OnlineRepository.swift in Sources */ = {isa = PBXBuildFile; fileRef = 58DDB8B223A502B50094B3E9 /* OnlineRepository.swift */; };
/* End PBXBuildFile section */

/* Begin PBXContainerItemProxy section */
		58644B3C23A0D21D00137378 /* PBXContainerItemProxy */ = {
			isa = PBXContainerItemProxy;
			containerPortal = 58644B1D23A0D21900137378 /* Project object */;
			proxyType = 1;
			remoteGlobalIDString = 58644B2423A0D21900137378;
			remoteInfo = CoinTracker;
		};
		58DDB89C23A502080094B3E9 /* PBXContainerItemProxy */ = {
			isa = PBXContainerItemProxy;
			containerPortal = 58644B1D23A0D21900137378 /* Project object */;
			proxyType = 1;
			remoteGlobalIDString = 58DDB89123A502080094B3E9;
			remoteInfo = Network;
		};
		58DDB89E23A502080094B3E9 /* PBXContainerItemProxy */ = {
			isa = PBXContainerItemProxy;
			containerPortal = 58644B1D23A0D21900137378 /* Project object */;
			proxyType = 1;
			remoteGlobalIDString = 58644B2423A0D21900137378;
			remoteInfo = CoinTracker;
		};
		58DDB8A523A502080094B3E9 /* PBXContainerItemProxy */ = {
			isa = PBXContainerItemProxy;
			containerPortal = 58644B1D23A0D21900137378 /* Project object */;
			proxyType = 1;
			remoteGlobalIDString = 58DDB89123A502080094B3E9;
			remoteInfo = Network;
		};
/* End PBXContainerItemProxy section */

/* Begin PBXCopyFilesBuildPhase section */
		58DDB8AC23A502080094B3E9 /* Embed Frameworks */ = {
			isa = PBXCopyFilesBuildPhase;
			buildActionMask = 2147483647;
			dstPath = "";
			dstSubfolderSpec = 10;
			files = (
				58DDB8A823A502080094B3E9 /* Network.framework in Embed Frameworks */,
			);
			name = "Embed Frameworks";
			runOnlyForDeploymentPostprocessing = 0;
		};
/* End PBXCopyFilesBuildPhase section */

/* Begin PBXFileReference section */
		580B4C5823A3F1C80060E3E2 /* DetailViewController.swift */ = {isa = PBXFileReference; lastKnownFileType = sourcecode.swift; path = DetailViewController.swift; sourceTree = "<group>"; };
		580B4C5A23A3F1CF0060E3E2 /* DetailViewModel.swift */ = {isa = PBXFileReference; lastKnownFileType = sourcecode.swift; path = DetailViewModel.swift; sourceTree = "<group>"; };
		580B4C5C23A3F2870060E3E2 /* DetailViewModelTests.swift */ = {isa = PBXFileReference; lastKnownFileType = sourcecode.swift; path = DetailViewModelTests.swift; sourceTree = "<group>"; };
		580B4C5E23A3F2930060E3E2 /* DetailViewControllerTests.swift */ = {isa = PBXFileReference; lastKnownFileType = sourcecode.swift; path = DetailViewControllerTests.swift; sourceTree = "<group>"; };
		5823CAC123A3660B00A03754 /* Date+Extension.swift */ = {isa = PBXFileReference; lastKnownFileType = sourcecode.swift; path = "Date+Extension.swift"; sourceTree = "<group>"; };
		5823CAC423A369BB00A03754 /* LoadingView.swift */ = {isa = PBXFileReference; lastKnownFileType = sourcecode.swift; path = LoadingView.swift; sourceTree = "<group>"; };
		5823CAC623A369C600A03754 /* LoadingView.xib */ = {isa = PBXFileReference; lastKnownFileType = file.xib; path = LoadingView.xib; sourceTree = "<group>"; };
		582A7D7823A0D6B2002E2263 /* ViewModelBased.swift */ = {isa = PBXFileReference; lastKnownFileType = sourcecode.swift; path = ViewModelBased.swift; sourceTree = "<group>"; };
		582A7D8223A0DA26002E2263 /* Storyboarded.swift */ = {isa = PBXFileReference; lastKnownFileType = sourcecode.swift; path = Storyboarded.swift; sourceTree = "<group>"; };
		582A7D8423A0DCF7002E2263 /* PriceListViewController.swift */ = {isa = PBXFileReference; lastKnownFileType = sourcecode.swift; path = PriceListViewController.swift; sourceTree = "<group>"; };
		582A7D8623A0DD02002E2263 /* PriceListViewModel.swift */ = {isa = PBXFileReference; lastKnownFileType = sourcecode.swift; path = PriceListViewModel.swift; sourceTree = "<group>"; };
		582A7D8823A0DF1B002E2263 /* PriceListViewControllerTests.swift */ = {isa = PBXFileReference; lastKnownFileType = sourcecode.swift; path = PriceListViewControllerTests.swift; sourceTree = "<group>"; };
		582A7D8A23A0DF29002E2263 /* PriceListViewModelTests.swift */ = {isa = PBXFileReference; lastKnownFileType = sourcecode.swift; path = PriceListViewModelTests.swift; sourceTree = "<group>"; };
		582A7D9223A0E8BB002E2263 /* Repository.swift */ = {isa = PBXFileReference; lastKnownFileType = sourcecode.swift; path = Repository.swift; sourceTree = "<group>"; };
		582A7D9423A0E8C4002E2263 /* MockRepository.swift */ = {isa = PBXFileReference; lastKnownFileType = sourcecode.swift; path = MockRepository.swift; sourceTree = "<group>"; };
		582A7D9623A0E9BA002E2263 /* CustomError.swift */ = {isa = PBXFileReference; lastKnownFileType = sourcecode.swift; path = CustomError.swift; sourceTree = "<group>"; };
		582A7D9823A0F3DA002E2263 /* Price.swift */ = {isa = PBXFileReference; lastKnownFileType = sourcecode.swift; path = Price.swift; sourceTree = "<group>"; };
		582A7D9A23A104A0002E2263 /* ListCell.swift */ = {isa = PBXFileReference; lastKnownFileType = sourcecode.swift; path = ListCell.swift; sourceTree = "<group>"; };
		582A7D9B23A104A0002E2263 /* ListCell.xib */ = {isa = PBXFileReference; lastKnownFileType = file.xib; path = ListCell.xib; sourceTree = "<group>"; };
		582A7D9E23A10501002E2263 /* NibLoadableView.swift */ = {isa = PBXFileReference; lastKnownFileType = sourcecode.swift; path = NibLoadableView.swift; sourceTree = "<group>"; };
		582A7DA023A10518002E2263 /* ReusableView.swift */ = {isa = PBXFileReference; lastKnownFileType = sourcecode.swift; path = ReusableView.swift; sourceTree = "<group>"; };
		582A7DA323A10558002E2263 /* UITableView+Extension.swift */ = {isa = PBXFileReference; lastKnownFileType = sourcecode.swift; path = "UITableView+Extension.swift"; sourceTree = "<group>"; };
		582A7DA523A10592002E2263 /* UITableViewCell+Extension.swift */ = {isa = PBXFileReference; lastKnownFileType = sourcecode.swift; path = "UITableViewCell+Extension.swift"; sourceTree = "<group>"; };
		582A7DA723A1068B002E2263 /* ListCellViewModel.swift */ = {isa = PBXFileReference; lastKnownFileType = sourcecode.swift; path = ListCellViewModel.swift; sourceTree = "<group>"; };
		582A7DA923A113F8002E2263 /* UIViewController+Extension.swift */ = {isa = PBXFileReference; lastKnownFileType = sourcecode.swift; path = "UIViewController+Extension.swift"; sourceTree = "<group>"; };
		582A7DAB23A1167B002E2263 /* Decimal+Extension.swift */ = {isa = PBXFileReference; lastKnownFileType = sourcecode.swift; path = "Decimal+Extension.swift"; sourceTree = "<group>"; };
		58644B2523A0D21900137378 /* CoinTracker.app */ = {isa = PBXFileReference; explicitFileType = wrapper.application; includeInIndex = 0; path = CoinTracker.app; sourceTree = BUILT_PRODUCTS_DIR; };
		58644B2823A0D21900137378 /* AppDelegate.swift */ = {isa = PBXFileReference; lastKnownFileType = sourcecode.swift; path = AppDelegate.swift; sourceTree = "<group>"; };
		58644B2A23A0D21900137378 /* SceneDelegate.swift */ = {isa = PBXFileReference; lastKnownFileType = sourcecode.swift; path = SceneDelegate.swift; sourceTree = "<group>"; };
		58644B2F23A0D21900137378 /* Base */ = {isa = PBXFileReference; lastKnownFileType = file.storyboard; name = Base; path = Base.lproj/Main.storyboard; sourceTree = "<group>"; };
		58644B3123A0D21D00137378 /* Assets.xcassets */ = {isa = PBXFileReference; lastKnownFileType = folder.assetcatalog; path = Assets.xcassets; sourceTree = "<group>"; };
		58644B3423A0D21D00137378 /* Base */ = {isa = PBXFileReference; lastKnownFileType = file.storyboard; name = Base; path = Base.lproj/LaunchScreen.storyboard; sourceTree = "<group>"; };
		58644B3623A0D21D00137378 /* Info.plist */ = {isa = PBXFileReference; lastKnownFileType = text.plist.xml; path = Info.plist; sourceTree = "<group>"; };
		58644B3B23A0D21D00137378 /* CoinTrackerTests.xctest */ = {isa = PBXFileReference; explicitFileType = wrapper.cfbundle; includeInIndex = 0; path = CoinTrackerTests.xctest; sourceTree = BUILT_PRODUCTS_DIR; };
		58644B4123A0D21D00137378 /* Info.plist */ = {isa = PBXFileReference; lastKnownFileType = text.plist.xml; path = Info.plist; sourceTree = "<group>"; };
		58DDB88B23A4FCF70094B3E9 /* Price+Extensions.swift */ = {isa = PBXFileReference; lastKnownFileType = sourcecode.swift; path = "Price+Extensions.swift"; sourceTree = "<group>"; };
		58DDB89223A502080094B3E9 /* Network.framework */ = {isa = PBXFileReference; explicitFileType = wrapper.framework; includeInIndex = 0; path = Network.framework; sourceTree = BUILT_PRODUCTS_DIR; };
		58DDB89423A502080094B3E9 /* Network.h */ = {isa = PBXFileReference; lastKnownFileType = sourcecode.c.h; path = Network.h; sourceTree = "<group>"; };
		58DDB89523A502080094B3E9 /* Info.plist */ = {isa = PBXFileReference; lastKnownFileType = text.plist.xml; path = Info.plist; sourceTree = "<group>"; };
		58DDB89A23A502080094B3E9 /* NetworkTests.xctest */ = {isa = PBXFileReference; explicitFileType = wrapper.cfbundle; includeInIndex = 0; path = NetworkTests.xctest; sourceTree = BUILT_PRODUCTS_DIR; };
		58DDB8A123A502080094B3E9 /* NetworkTests.swift */ = {isa = PBXFileReference; lastKnownFileType = sourcecode.swift; path = NetworkTests.swift; sourceTree = "<group>"; };
		58DDB8A323A502080094B3E9 /* Info.plist */ = {isa = PBXFileReference; lastKnownFileType = text.plist.xml; path = Info.plist; sourceTree = "<group>"; };
		58DDB8B023A5025C0094B3E9 /* SessionManager.swift */ = {isa = PBXFileReference; lastKnownFileType = sourcecode.swift; path = SessionManager.swift; sourceTree = "<group>"; };
		58DDB8B223A502B50094B3E9 /* OnlineRepository.swift */ = {isa = PBXFileReference; lastKnownFileType = sourcecode.swift; path = OnlineRepository.swift; sourceTree = "<group>"; };
/* End PBXFileReference section */

/* Begin PBXFrameworksBuildPhase section */
		58644B2223A0D21900137378 /* Frameworks */ = {
			isa = PBXFrameworksBuildPhase;
			buildActionMask = 2147483647;
			files = (
				58DDB8A723A502080094B3E9 /* Network.framework in Frameworks */,
			);
			runOnlyForDeploymentPostprocessing = 0;
		};
		58644B3823A0D21D00137378 /* Frameworks */ = {
			isa = PBXFrameworksBuildPhase;
			buildActionMask = 2147483647;
			files = (
			);
			runOnlyForDeploymentPostprocessing = 0;
		};
		58DDB88F23A502080094B3E9 /* Frameworks */ = {
			isa = PBXFrameworksBuildPhase;
			buildActionMask = 2147483647;
			files = (
			);
			runOnlyForDeploymentPostprocessing = 0;
		};
		58DDB89723A502080094B3E9 /* Frameworks */ = {
			isa = PBXFrameworksBuildPhase;
			buildActionMask = 2147483647;
			files = (
				58DDB89B23A502080094B3E9 /* Network.framework in Frameworks */,
			);
			runOnlyForDeploymentPostprocessing = 0;
		};
/* End PBXFrameworksBuildPhase section */

/* Begin PBXGroup section */
		5823CAC323A369AC00A03754 /* Custom Views */ = {
			isa = PBXGroup;
			children = (
				5823CAC423A369BB00A03754 /* LoadingView.swift */,
				5823CAC623A369C600A03754 /* LoadingView.xib */,
			);
			path = "Custom Views";
			sourceTree = "<group>";
		};
		582A7D7623A0D69E002E2263 /* Helpers */ = {
			isa = PBXGroup;
			children = (
				582A7DA223A10542002E2263 /* Extensions */,
				582A7D7723A0D6A4002E2263 /* Protocols */,
				582A7D9623A0E9BA002E2263 /* CustomError.swift */,
			);
			path = Helpers;
			sourceTree = "<group>";
		};
		582A7D7723A0D6A4002E2263 /* Protocols */ = {
			isa = PBXGroup;
			children = (
				582A7D7823A0D6B2002E2263 /* ViewModelBased.swift */,
				582A7D8223A0DA26002E2263 /* Storyboarded.swift */,
				582A7D9E23A10501002E2263 /* NibLoadableView.swift */,
				582A7DA023A10518002E2263 /* ReusableView.swift */,
			);
			path = Protocols;
			sourceTree = "<group>";
		};
		582A7D8C23A0DF66002E2263 /* ViewControllers */ = {
			isa = PBXGroup;
			children = (
				582A7D8823A0DF1B002E2263 /* PriceListViewControllerTests.swift */,
				582A7D8A23A0DF29002E2263 /* PriceListViewModelTests.swift */,
				580B4C5E23A3F2930060E3E2 /* DetailViewControllerTests.swift */,
				580B4C5C23A3F2870060E3E2 /* DetailViewModelTests.swift */,
			);
			path = ViewControllers;
			sourceTree = "<group>";
		};
		582A7D8D23A0E802002E2263 /* Cells */ = {
			isa = PBXGroup;
			children = (
				582A7D9A23A104A0002E2263 /* ListCell.swift */,
				582A7D9B23A104A0002E2263 /* ListCell.xib */,
				582A7DA723A1068B002E2263 /* ListCellViewModel.swift */,
			);
			path = Cells;
			sourceTree = "<group>";
		};
		582A7D8E23A0E852002E2263 /* Models */ = {
			isa = PBXGroup;
			children = (
				582A7D9823A0F3DA002E2263 /* Price.swift */,
			);
			path = Models;
			sourceTree = "<group>";
		};
		582A7D9123A0E8B2002E2263 /* Data */ = {
			isa = PBXGroup;
			children = (
				582A7D9223A0E8BB002E2263 /* Repository.swift */,
				582A7D9423A0E8C4002E2263 /* MockRepository.swift */,
				58DDB8B223A502B50094B3E9 /* OnlineRepository.swift */,
			);
			path = Data;
			sourceTree = "<group>";
		};
		582A7DA223A10542002E2263 /* Extensions */ = {
			isa = PBXGroup;
			children = (
				582A7DA323A10558002E2263 /* UITableView+Extension.swift */,
				582A7DA523A10592002E2263 /* UITableViewCell+Extension.swift */,
				582A7DA923A113F8002E2263 /* UIViewController+Extension.swift */,
				582A7DAB23A1167B002E2263 /* Decimal+Extension.swift */,
				5823CAC123A3660B00A03754 /* Date+Extension.swift */,
			);
			path = Extensions;
			sourceTree = "<group>";
		};
		58644B1C23A0D21900137378 = {
			isa = PBXGroup;
			children = (
				58644B2723A0D21900137378 /* CoinTracker */,
				58644B3E23A0D21D00137378 /* CoinTrackerTests */,
				58DDB89323A502080094B3E9 /* Network */,
				58DDB8A023A502080094B3E9 /* NetworkTests */,
				58644B2623A0D21900137378 /* Products */,
			);
			sourceTree = "<group>";
		};
		58644B2623A0D21900137378 /* Products */ = {
			isa = PBXGroup;
			children = (
				58644B2523A0D21900137378 /* CoinTracker.app */,
				58644B3B23A0D21D00137378 /* CoinTrackerTests.xctest */,
				58DDB89223A502080094B3E9 /* Network.framework */,
				58DDB89A23A502080094B3E9 /* NetworkTests.xctest */,
			);
			name = Products;
			sourceTree = "<group>";
		};
		58644B2723A0D21900137378 /* CoinTracker */ = {
			isa = PBXGroup;
			children = (
				5823CAC323A369AC00A03754 /* Custom Views */,
				582A7D9123A0E8B2002E2263 /* Data */,
				582A7D8E23A0E852002E2263 /* Models */,
				582A7D8D23A0E802002E2263 /* Cells */,
				582A7D7623A0D69E002E2263 /* Helpers */,
				58644B4D23A0D43B00137378 /* ViewControllers */,
				58644B4B23A0D42000137378 /* Resources */,
				58644B4A23A0D3C300137378 /* Project Files */,
			);
			path = CoinTracker;
			sourceTree = "<group>";
		};
		58644B3E23A0D21D00137378 /* CoinTrackerTests */ = {
			isa = PBXGroup;
			children = (
				58DDB88B23A4FCF70094B3E9 /* Price+Extensions.swift */,
				582A7D8C23A0DF66002E2263 /* ViewControllers */,
				58644B4123A0D21D00137378 /* Info.plist */,
			);
			path = CoinTrackerTests;
			sourceTree = "<group>";
		};
		58644B4A23A0D3C300137378 /* Project Files */ = {
			isa = PBXGroup;
			children = (
				58644B2823A0D21900137378 /* AppDelegate.swift */,
				58644B2A23A0D21900137378 /* SceneDelegate.swift */,
				58644B3623A0D21D00137378 /* Info.plist */,
			);
			path = "Project Files";
			sourceTree = "<group>";
		};
		58644B4B23A0D42000137378 /* Resources */ = {
			isa = PBXGroup;
			children = (
				58644B4C23A0D42900137378 /* Storyboards */,
				58644B3123A0D21D00137378 /* Assets.xcassets */,
			);
			path = Resources;
			sourceTree = "<group>";
		};
		58644B4C23A0D42900137378 /* Storyboards */ = {
			isa = PBXGroup;
			children = (
				58644B2E23A0D21900137378 /* Main.storyboard */,
				58644B3323A0D21D00137378 /* LaunchScreen.storyboard */,
			);
			path = Storyboards;
			sourceTree = "<group>";
		};
		58644B4D23A0D43B00137378 /* ViewControllers */ = {
			isa = PBXGroup;
			children = (
				582A7D8423A0DCF7002E2263 /* PriceListViewController.swift */,
				582A7D8623A0DD02002E2263 /* PriceListViewModel.swift */,
				580B4C5823A3F1C80060E3E2 /* DetailViewController.swift */,
				580B4C5A23A3F1CF0060E3E2 /* DetailViewModel.swift */,
			);
			path = ViewControllers;
			sourceTree = "<group>";
		};
		58DDB89323A502080094B3E9 /* Network */ = {
			isa = PBXGroup;
			children = (
				58DDB89423A502080094B3E9 /* Network.h */,
				58DDB89523A502080094B3E9 /* Info.plist */,
				58DDB8B023A5025C0094B3E9 /* SessionManager.swift */,
			);
			path = Network;
			sourceTree = "<group>";
		};
		58DDB8A023A502080094B3E9 /* NetworkTests */ = {
			isa = PBXGroup;
			children = (
				58DDB8A123A502080094B3E9 /* NetworkTests.swift */,
				58DDB8A323A502080094B3E9 /* Info.plist */,
			);
			path = NetworkTests;
			sourceTree = "<group>";
		};
/* End PBXGroup section */

/* Begin PBXHeadersBuildPhase section */
		58DDB88D23A502080094B3E9 /* Headers */ = {
			isa = PBXHeadersBuildPhase;
			buildActionMask = 2147483647;
			files = (
				58DDB8A423A502080094B3E9 /* Network.h in Headers */,
			);
			runOnlyForDeploymentPostprocessing = 0;
		};
/* End PBXHeadersBuildPhase section */

/* Begin PBXNativeTarget section */
		58644B2423A0D21900137378 /* CoinTracker */ = {
			isa = PBXNativeTarget;
			buildConfigurationList = 58644B4423A0D21E00137378 /* Build configuration list for PBXNativeTarget "CoinTracker" */;
			buildPhases = (
				58644B2123A0D21900137378 /* Sources */,
				58644B2223A0D21900137378 /* Frameworks */,
				58644B2323A0D21900137378 /* Resources */,
				58DDB8AC23A502080094B3E9 /* Embed Frameworks */,
			);
			buildRules = (
			);
			dependencies = (
				58DDB8A623A502080094B3E9 /* PBXTargetDependency */,
			);
			name = CoinTracker;
			productName = CoinTracker;
			productReference = 58644B2523A0D21900137378 /* CoinTracker.app */;
			productType = "com.apple.product-type.application";
		};
		58644B3A23A0D21D00137378 /* CoinTrackerTests */ = {
			isa = PBXNativeTarget;
			buildConfigurationList = 58644B4723A0D21E00137378 /* Build configuration list for PBXNativeTarget "CoinTrackerTests" */;
			buildPhases = (
				58644B3723A0D21D00137378 /* Sources */,
				58644B3823A0D21D00137378 /* Frameworks */,
				58644B3923A0D21D00137378 /* Resources */,
			);
			buildRules = (
			);
			dependencies = (
				58644B3D23A0D21D00137378 /* PBXTargetDependency */,
			);
			name = CoinTrackerTests;
			productName = CoinTrackerTests;
			productReference = 58644B3B23A0D21D00137378 /* CoinTrackerTests.xctest */;
			productType = "com.apple.product-type.bundle.unit-test";
		};
		58DDB89123A502080094B3E9 /* Network */ = {
			isa = PBXNativeTarget;
			buildConfigurationList = 58DDB8A923A502080094B3E9 /* Build configuration list for PBXNativeTarget "Network" */;
			buildPhases = (
				58DDB88D23A502080094B3E9 /* Headers */,
				58DDB88E23A502080094B3E9 /* Sources */,
				58DDB88F23A502080094B3E9 /* Frameworks */,
				58DDB89023A502080094B3E9 /* Resources */,
			);
			buildRules = (
			);
			dependencies = (
			);
			name = Network;
			productName = Network;
			productReference = 58DDB89223A502080094B3E9 /* Network.framework */;
			productType = "com.apple.product-type.framework";
		};
		58DDB89923A502080094B3E9 /* NetworkTests */ = {
			isa = PBXNativeTarget;
			buildConfigurationList = 58DDB8AD23A502080094B3E9 /* Build configuration list for PBXNativeTarget "NetworkTests" */;
			buildPhases = (
				58DDB89623A502080094B3E9 /* Sources */,
				58DDB89723A502080094B3E9 /* Frameworks */,
				58DDB89823A502080094B3E9 /* Resources */,
			);
			buildRules = (
			);
			dependencies = (
				58DDB89D23A502080094B3E9 /* PBXTargetDependency */,
				58DDB89F23A502080094B3E9 /* PBXTargetDependency */,
			);
			name = NetworkTests;
			productName = NetworkTests;
			productReference = 58DDB89A23A502080094B3E9 /* NetworkTests.xctest */;
			productType = "com.apple.product-type.bundle.unit-test";
		};
/* End PBXNativeTarget section */

/* Begin PBXProject section */
		58644B1D23A0D21900137378 /* Project object */ = {
			isa = PBXProject;
			attributes = {
				LastSwiftUpdateCheck = 1130;
				LastUpgradeCheck = 1120;
				ORGANIZATIONNAME = AppRocket;
				TargetAttributes = {
					58644B2423A0D21900137378 = {
						CreatedOnToolsVersion = 11.2.1;
					};
					58644B3A23A0D21D00137378 = {
						CreatedOnToolsVersion = 11.2.1;
						LastSwiftMigration = 1120;
						TestTargetID = 58644B2423A0D21900137378;
					};
					58DDB89123A502080094B3E9 = {
						CreatedOnToolsVersion = 11.3;
						LastSwiftMigration = 1130;
					};
					58DDB89923A502080094B3E9 = {
						CreatedOnToolsVersion = 11.3;
						TestTargetID = 58644B2423A0D21900137378;
					};
				};
			};
			buildConfigurationList = 58644B2023A0D21900137378 /* Build configuration list for PBXProject "CoinTracker" */;
			compatibilityVersion = "Xcode 9.3";
			developmentRegion = en;
			hasScannedForEncodings = 0;
			knownRegions = (
				en,
				Base,
			);
			mainGroup = 58644B1C23A0D21900137378;
			productRefGroup = 58644B2623A0D21900137378 /* Products */;
			projectDirPath = "";
			projectRoot = "";
			targets = (
				58644B2423A0D21900137378 /* CoinTracker */,
				58644B3A23A0D21D00137378 /* CoinTrackerTests */,
				58DDB89123A502080094B3E9 /* Network */,
				58DDB89923A502080094B3E9 /* NetworkTests */,
			);
		};
/* End PBXProject section */

/* Begin PBXResourcesBuildPhase section */
		58644B2323A0D21900137378 /* Resources */ = {
			isa = PBXResourcesBuildPhase;
			buildActionMask = 2147483647;
			files = (
				5823CAC823A36EB500A03754 /* LoadingView.xib in Resources */,
				58644B3523A0D21D00137378 /* LaunchScreen.storyboard in Resources */,
				582A7D9D23A104A0002E2263 /* ListCell.xib in Resources */,
				58644B3223A0D21D00137378 /* Assets.xcassets in Resources */,
				58644B3023A0D21900137378 /* Main.storyboard in Resources */,
			);
			runOnlyForDeploymentPostprocessing = 0;
		};
		58644B3923A0D21D00137378 /* Resources */ = {
			isa = PBXResourcesBuildPhase;
			buildActionMask = 2147483647;
			files = (
			);
			runOnlyForDeploymentPostprocessing = 0;
		};
		58DDB89023A502080094B3E9 /* Resources */ = {
			isa = PBXResourcesBuildPhase;
			buildActionMask = 2147483647;
			files = (
			);
			runOnlyForDeploymentPostprocessing = 0;
		};
		58DDB89823A502080094B3E9 /* Resources */ = {
			isa = PBXResourcesBuildPhase;
			buildActionMask = 2147483647;
			files = (
			);
			runOnlyForDeploymentPostprocessing = 0;
		};
/* End PBXResourcesBuildPhase section */

/* Begin PBXSourcesBuildPhase section */
		58644B2123A0D21900137378 /* Sources */ = {
			isa = PBXSourcesBuildPhase;
			buildActionMask = 2147483647;
			files = (
				582A7DAA23A113F8002E2263 /* UIViewController+Extension.swift in Sources */,
				582A7D8523A0DCF7002E2263 /* PriceListViewController.swift in Sources */,
				58644B2923A0D21900137378 /* AppDelegate.swift in Sources */,
				58DDB8B323A502B50094B3E9 /* OnlineRepository.swift in Sources */,
				582A7DA423A10558002E2263 /* UITableView+Extension.swift in Sources */,
				582A7DA623A10592002E2263 /* UITableViewCell+Extension.swift in Sources */,
				5823CAC523A369BB00A03754 /* LoadingView.swift in Sources */,
				5823CAC223A3660B00A03754 /* Date+Extension.swift in Sources */,
				582A7DAC23A1167B002E2263 /* Decimal+Extension.swift in Sources */,
				582A7D9323A0E8BB002E2263 /* Repository.swift in Sources */,
				582A7D8723A0DD02002E2263 /* PriceListViewModel.swift in Sources */,
				580B4C5B23A3F1CF0060E3E2 /* DetailViewModel.swift in Sources */,
				580B4C5923A3F1C80060E3E2 /* DetailViewController.swift in Sources */,
				582A7DA123A10518002E2263 /* ReusableView.swift in Sources */,
				582A7D9C23A104A0002E2263 /* ListCell.swift in Sources */,
				582A7D9723A0E9BA002E2263 /* CustomError.swift in Sources */,
				582A7D9923A0F3DA002E2263 /* Price.swift in Sources */,
				582A7DA823A1068B002E2263 /* ListCellViewModel.swift in Sources */,
				582A7D7923A0D6B2002E2263 /* ViewModelBased.swift in Sources */,
				582A7D9F23A10501002E2263 /* NibLoadableView.swift in Sources */,
				58644B2B23A0D21900137378 /* SceneDelegate.swift in Sources */,
				582A7D9523A0E8C4002E2263 /* MockRepository.swift in Sources */,
				582A7D8323A0DA26002E2263 /* Storyboarded.swift in Sources */,
			);
			runOnlyForDeploymentPostprocessing = 0;
		};
		58644B3723A0D21D00137378 /* Sources */ = {
			isa = PBXSourcesBuildPhase;
			buildActionMask = 2147483647;
			files = (
				582A7D8B23A0DF29002E2263 /* PriceListViewModelTests.swift in Sources */,
				58DDB88C23A4FCF70094B3E9 /* Price+Extensions.swift in Sources */,
				582A7D8923A0DF1B002E2263 /* PriceListViewControllerTests.swift in Sources */,
				580B4C5D23A3F2870060E3E2 /* DetailViewModelTests.swift in Sources */,
				580B4C5F23A3F2930060E3E2 /* DetailViewControllerTests.swift in Sources */,
			);
			runOnlyForDeploymentPostprocessing = 0;
		};
		58DDB88E23A502080094B3E9 /* Sources */ = {
			isa = PBXSourcesBuildPhase;
			buildActionMask = 2147483647;
			files = (
				58DDB8B123A5025C0094B3E9 /* SessionManager.swift in Sources */,
			);
			runOnlyForDeploymentPostprocessing = 0;
		};
		58DDB89623A502080094B3E9 /* Sources */ = {
			isa = PBXSourcesBuildPhase;
			buildActionMask = 2147483647;
			files = (
				58DDB8A223A502080094B3E9 /* NetworkTests.swift in Sources */,
			);
			runOnlyForDeploymentPostprocessing = 0;
		};
/* End PBXSourcesBuildPhase section */

/* Begin PBXTargetDependency section */
		58644B3D23A0D21D00137378 /* PBXTargetDependency */ = {
			isa = PBXTargetDependency;
			target = 58644B2423A0D21900137378 /* CoinTracker */;
			targetProxy = 58644B3C23A0D21D00137378 /* PBXContainerItemProxy */;
		};
		58DDB89D23A502080094B3E9 /* PBXTargetDependency */ = {
			isa = PBXTargetDependency;
			target = 58DDB89123A502080094B3E9 /* Network */;
			targetProxy = 58DDB89C23A502080094B3E9 /* PBXContainerItemProxy */;
		};
		58DDB89F23A502080094B3E9 /* PBXTargetDependency */ = {
			isa = PBXTargetDependency;
			target = 58644B2423A0D21900137378 /* CoinTracker */;
			targetProxy = 58DDB89E23A502080094B3E9 /* PBXContainerItemProxy */;
		};
		58DDB8A623A502080094B3E9 /* PBXTargetDependency */ = {
			isa = PBXTargetDependency;
			target = 58DDB89123A502080094B3E9 /* Network */;
			targetProxy = 58DDB8A523A502080094B3E9 /* PBXContainerItemProxy */;
		};
/* End PBXTargetDependency section */

/* Begin PBXVariantGroup section */
		58644B2E23A0D21900137378 /* Main.storyboard */ = {
			isa = PBXVariantGroup;
			children = (
				58644B2F23A0D21900137378 /* Base */,
			);
			name = Main.storyboard;
			sourceTree = "<group>";
		};
		58644B3323A0D21D00137378 /* LaunchScreen.storyboard */ = {
			isa = PBXVariantGroup;
			children = (
				58644B3423A0D21D00137378 /* Base */,
			);
			name = LaunchScreen.storyboard;
			sourceTree = "<group>";
		};
/* End PBXVariantGroup section */

/* Begin XCBuildConfiguration section */
		58644B4223A0D21D00137378 /* Debug */ = {
			isa = XCBuildConfiguration;
			buildSettings = {
				ALWAYS_SEARCH_USER_PATHS = NO;
				CLANG_ANALYZER_NONNULL = YES;
				CLANG_ANALYZER_NUMBER_OBJECT_CONVERSION = YES_AGGRESSIVE;
				CLANG_CXX_LANGUAGE_STANDARD = "gnu++14";
				CLANG_CXX_LIBRARY = "libc++";
				CLANG_ENABLE_MODULES = YES;
				CLANG_ENABLE_OBJC_ARC = YES;
				CLANG_ENABLE_OBJC_WEAK = YES;
				CLANG_WARN_BLOCK_CAPTURE_AUTORELEASING = YES;
				CLANG_WARN_BOOL_CONVERSION = YES;
				CLANG_WARN_COMMA = YES;
				CLANG_WARN_CONSTANT_CONVERSION = YES;
				CLANG_WARN_DEPRECATED_OBJC_IMPLEMENTATIONS = YES;
				CLANG_WARN_DIRECT_OBJC_ISA_USAGE = YES_ERROR;
				CLANG_WARN_DOCUMENTATION_COMMENTS = YES;
				CLANG_WARN_EMPTY_BODY = YES;
				CLANG_WARN_ENUM_CONVERSION = YES;
				CLANG_WARN_INFINITE_RECURSION = YES;
				CLANG_WARN_INT_CONVERSION = YES;
				CLANG_WARN_NON_LITERAL_NULL_CONVERSION = YES;
				CLANG_WARN_OBJC_IMPLICIT_RETAIN_SELF = YES;
				CLANG_WARN_OBJC_LITERAL_CONVERSION = YES;
				CLANG_WARN_OBJC_ROOT_CLASS = YES_ERROR;
				CLANG_WARN_RANGE_LOOP_ANALYSIS = YES;
				CLANG_WARN_STRICT_PROTOTYPES = YES;
				CLANG_WARN_SUSPICIOUS_MOVE = YES;
				CLANG_WARN_UNGUARDED_AVAILABILITY = YES_AGGRESSIVE;
				CLANG_WARN_UNREACHABLE_CODE = YES;
				CLANG_WARN__DUPLICATE_METHOD_MATCH = YES;
				COPY_PHASE_STRIP = NO;
				DEBUG_INFORMATION_FORMAT = dwarf;
				ENABLE_STRICT_OBJC_MSGSEND = YES;
				ENABLE_TESTABILITY = YES;
				GCC_C_LANGUAGE_STANDARD = gnu11;
				GCC_DYNAMIC_NO_PIC = NO;
				GCC_NO_COMMON_BLOCKS = YES;
				GCC_OPTIMIZATION_LEVEL = 0;
				GCC_PREPROCESSOR_DEFINITIONS = (
					"DEBUG=1",
					"$(inherited)",
				);
				GCC_WARN_64_TO_32_BIT_CONVERSION = YES;
				GCC_WARN_ABOUT_RETURN_TYPE = YES_ERROR;
				GCC_WARN_UNDECLARED_SELECTOR = YES;
				GCC_WARN_UNINITIALIZED_AUTOS = YES_AGGRESSIVE;
				GCC_WARN_UNUSED_FUNCTION = YES;
				GCC_WARN_UNUSED_VARIABLE = YES;
				IPHONEOS_DEPLOYMENT_TARGET = 13.2;
				MTL_ENABLE_DEBUG_INFO = INCLUDE_SOURCE;
				MTL_FAST_MATH = YES;
				ONLY_ACTIVE_ARCH = YES;
				SDKROOT = iphoneos;
				SWIFT_ACTIVE_COMPILATION_CONDITIONS = DEBUG;
				SWIFT_OPTIMIZATION_LEVEL = "-Onone";
			};
			name = Debug;
		};
		58644B4323A0D21D00137378 /* Release */ = {
			isa = XCBuildConfiguration;
			buildSettings = {
				ALWAYS_SEARCH_USER_PATHS = NO;
				CLANG_ANALYZER_NONNULL = YES;
				CLANG_ANALYZER_NUMBER_OBJECT_CONVERSION = YES_AGGRESSIVE;
				CLANG_CXX_LANGUAGE_STANDARD = "gnu++14";
				CLANG_CXX_LIBRARY = "libc++";
				CLANG_ENABLE_MODULES = YES;
				CLANG_ENABLE_OBJC_ARC = YES;
				CLANG_ENABLE_OBJC_WEAK = YES;
				CLANG_WARN_BLOCK_CAPTURE_AUTORELEASING = YES;
				CLANG_WARN_BOOL_CONVERSION = YES;
				CLANG_WARN_COMMA = YES;
				CLANG_WARN_CONSTANT_CONVERSION = YES;
				CLANG_WARN_DEPRECATED_OBJC_IMPLEMENTATIONS = YES;
				CLANG_WARN_DIRECT_OBJC_ISA_USAGE = YES_ERROR;
				CLANG_WARN_DOCUMENTATION_COMMENTS = YES;
				CLANG_WARN_EMPTY_BODY = YES;
				CLANG_WARN_ENUM_CONVERSION = YES;
				CLANG_WARN_INFINITE_RECURSION = YES;
				CLANG_WARN_INT_CONVERSION = YES;
				CLANG_WARN_NON_LITERAL_NULL_CONVERSION = YES;
				CLANG_WARN_OBJC_IMPLICIT_RETAIN_SELF = YES;
				CLANG_WARN_OBJC_LITERAL_CONVERSION = YES;
				CLANG_WARN_OBJC_ROOT_CLASS = YES_ERROR;
				CLANG_WARN_RANGE_LOOP_ANALYSIS = YES;
				CLANG_WARN_STRICT_PROTOTYPES = YES;
				CLANG_WARN_SUSPICIOUS_MOVE = YES;
				CLANG_WARN_UNGUARDED_AVAILABILITY = YES_AGGRESSIVE;
				CLANG_WARN_UNREACHABLE_CODE = YES;
				CLANG_WARN__DUPLICATE_METHOD_MATCH = YES;
				COPY_PHASE_STRIP = NO;
				DEBUG_INFORMATION_FORMAT = "dwarf-with-dsym";
				ENABLE_NS_ASSERTIONS = NO;
				ENABLE_STRICT_OBJC_MSGSEND = YES;
				GCC_C_LANGUAGE_STANDARD = gnu11;
				GCC_NO_COMMON_BLOCKS = YES;
				GCC_WARN_64_TO_32_BIT_CONVERSION = YES;
				GCC_WARN_ABOUT_RETURN_TYPE = YES_ERROR;
				GCC_WARN_UNDECLARED_SELECTOR = YES;
				GCC_WARN_UNINITIALIZED_AUTOS = YES_AGGRESSIVE;
				GCC_WARN_UNUSED_FUNCTION = YES;
				GCC_WARN_UNUSED_VARIABLE = YES;
				IPHONEOS_DEPLOYMENT_TARGET = 13.2;
				MTL_ENABLE_DEBUG_INFO = NO;
				MTL_FAST_MATH = YES;
				SDKROOT = iphoneos;
				SWIFT_COMPILATION_MODE = wholemodule;
				SWIFT_OPTIMIZATION_LEVEL = "-O";
				VALIDATE_PRODUCT = YES;
			};
			name = Release;
		};
		58644B4523A0D21E00137378 /* Debug */ = {
			isa = XCBuildConfiguration;
			buildSettings = {
				ALWAYS_EMBED_SWIFT_STANDARD_LIBRARIES = YES;
				ASSETCATALOG_COMPILER_APPICON_NAME = AppIcon;
				CODE_SIGN_STYLE = Automatic;
				INFOPLIST_FILE = "CoinTracker/Project Files/Info.plist";
				IPHONEOS_DEPLOYMENT_TARGET = 11.0;
				LD_RUNPATH_SEARCH_PATHS = (
					"$(inherited)",
					"@executable_path/Frameworks",
				);
				PRODUCT_BUNDLE_IDENTIFIER = app.CoinTracker;
				PRODUCT_NAME = "$(TARGET_NAME)";
				SWIFT_VERSION = 5.0;
				TARGETED_DEVICE_FAMILY = 1;
			};
			name = Debug;
		};
		58644B4623A0D21E00137378 /* Release */ = {
			isa = XCBuildConfiguration;
			buildSettings = {
				ALWAYS_EMBED_SWIFT_STANDARD_LIBRARIES = YES;
				ASSETCATALOG_COMPILER_APPICON_NAME = AppIcon;
				CODE_SIGN_STYLE = Automatic;
				INFOPLIST_FILE = "CoinTracker/Project Files/Info.plist";
				IPHONEOS_DEPLOYMENT_TARGET = 11.0;
				LD_RUNPATH_SEARCH_PATHS = (
					"$(inherited)",
					"@executable_path/Frameworks",
				);
				PRODUCT_BUNDLE_IDENTIFIER = app.CoinTracker;
				PRODUCT_NAME = "$(TARGET_NAME)";
				SWIFT_VERSION = 5.0;
				TARGETED_DEVICE_FAMILY = 1;
			};
			name = Release;
		};
		58644B4823A0D21E00137378 /* Debug */ = {
			isa = XCBuildConfiguration;
			buildSettings = {
				ALWAYS_EMBED_SWIFT_STANDARD_LIBRARIES = YES;
				BUNDLE_LOADER = "$(TEST_HOST)";
				CLANG_ENABLE_MODULES = YES;
				CODE_SIGN_STYLE = Automatic;
				INFOPLIST_FILE = CoinTrackerTests/Info.plist;
				IPHONEOS_DEPLOYMENT_TARGET = 13.2;
				LD_RUNPATH_SEARCH_PATHS = (
					"$(inherited)",
					"@executable_path/Frameworks",
					"@loader_path/Frameworks",
				);
				PRODUCT_BUNDLE_IDENTIFIER = app.CoinTrackerTests;
				PRODUCT_NAME = "$(TARGET_NAME)";
				SWIFT_OPTIMIZATION_LEVEL = "-Onone";
				SWIFT_VERSION = 5.0;
				TARGETED_DEVICE_FAMILY = "1,2";
				TEST_HOST = "$(BUILT_PRODUCTS_DIR)/CoinTracker.app/CoinTracker";
			};
			name = Debug;
		};
		58644B4923A0D21E00137378 /* Release */ = {
			isa = XCBuildConfiguration;
			buildSettings = {
				ALWAYS_EMBED_SWIFT_STANDARD_LIBRARIES = YES;
				BUNDLE_LOADER = "$(TEST_HOST)";
				CLANG_ENABLE_MODULES = YES;
				CODE_SIGN_STYLE = Automatic;
				INFOPLIST_FILE = CoinTrackerTests/Info.plist;
				IPHONEOS_DEPLOYMENT_TARGET = 13.2;
				LD_RUNPATH_SEARCH_PATHS = (
					"$(inherited)",
					"@executable_path/Frameworks",
					"@loader_path/Frameworks",
				);
				PRODUCT_BUNDLE_IDENTIFIER = app.CoinTrackerTests;
				PRODUCT_NAME = "$(TARGET_NAME)";
				SWIFT_VERSION = 5.0;
				TARGETED_DEVICE_FAMILY = "1,2";
				TEST_HOST = "$(BUILT_PRODUCTS_DIR)/CoinTracker.app/CoinTracker";
			};
			name = Release;
		};
		58DDB8AA23A502080094B3E9 /* Debug */ = {
			isa = XCBuildConfiguration;
			buildSettings = {
				CLANG_ENABLE_MODULES = YES;
				CODE_SIGN_STYLE = Automatic;
				CURRENT_PROJECT_VERSION = 1;
				DEFINES_MODULE = YES;
				DYLIB_COMPATIBILITY_VERSION = 1;
				DYLIB_CURRENT_VERSION = 1;
				DYLIB_INSTALL_NAME_BASE = "@rpath";
				INFOPLIST_FILE = Network/Info.plist;
				INSTALL_PATH = "$(LOCAL_LIBRARY_DIR)/Frameworks";
				IPHONEOS_DEPLOYMENT_TARGET = 11.0;
				LD_RUNPATH_SEARCH_PATHS = (
					"$(inherited)",
					"@executable_path/Frameworks",
					"@loader_path/Frameworks",
				);
				PRODUCT_BUNDLE_IDENTIFIER = app.Network;
				PRODUCT_NAME = "$(TARGET_NAME:c99extidentifier)";
				SKIP_INSTALL = YES;
				SWIFT_OPTIMIZATION_LEVEL = "-Onone";
				SWIFT_VERSION = 5.0;
				TARGETED_DEVICE_FAMILY = "1,2";
				VERSIONING_SYSTEM = "apple-generic";
				VERSION_INFO_PREFIX = "";
			};
			name = Debug;
		};
		58DDB8AB23A502080094B3E9 /* Release */ = {
			isa = XCBuildConfiguration;
			buildSettings = {
				CLANG_ENABLE_MODULES = YES;
				CODE_SIGN_STYLE = Automatic;
				CURRENT_PROJECT_VERSION = 1;
				DEFINES_MODULE = YES;
				DYLIB_COMPATIBILITY_VERSION = 1;
				DYLIB_CURRENT_VERSION = 1;
				DYLIB_INSTALL_NAME_BASE = "@rpath";
				INFOPLIST_FILE = Network/Info.plist;
				INSTALL_PATH = "$(LOCAL_LIBRARY_DIR)/Frameworks";
				IPHONEOS_DEPLOYMENT_TARGET = 11.0;
				LD_RUNPATH_SEARCH_PATHS = (
					"$(inherited)",
					"@executable_path/Frameworks",
					"@loader_path/Frameworks",
				);
				PRODUCT_BUNDLE_IDENTIFIER = app.Network;
				PRODUCT_NAME = "$(TARGET_NAME:c99extidentifier)";
				SKIP_INSTALL = YES;
				SWIFT_VERSION = 5.0;
				TARGETED_DEVICE_FAMILY = "1,2";
				VERSIONING_SYSTEM = "apple-generic";
				VERSION_INFO_PREFIX = "";
			};
			name = Release;
		};
		58DDB8AE23A502080094B3E9 /* Debug */ = {
			isa = XCBuildConfiguration;
			buildSettings = {
				ALWAYS_EMBED_SWIFT_STANDARD_LIBRARIES = YES;
				CODE_SIGN_STYLE = Automatic;
				INFOPLIST_FILE = NetworkTests/Info.plist;
				LD_RUNPATH_SEARCH_PATHS = (
					"$(inherited)",
					"@executable_path/Frameworks",
					"@loader_path/Frameworks",
				);
				PRODUCT_BUNDLE_IDENTIFIER = app.NetworkTests;
				PRODUCT_NAME = "$(TARGET_NAME)";
				SWIFT_VERSION = 5.0;
				TARGETED_DEVICE_FAMILY = "1,2";
				TEST_HOST = "$(BUILT_PRODUCTS_DIR)/CoinTracker.app/CoinTracker";
			};
			name = Debug;
		};
		58DDB8AF23A502080094B3E9 /* Release */ = {
			isa = XCBuildConfiguration;
			buildSettings = {
				ALWAYS_EMBED_SWIFT_STANDARD_LIBRARIES = YES;
				CODE_SIGN_STYLE = Automatic;
				INFOPLIST_FILE = NetworkTests/Info.plist;
				LD_RUNPATH_SEARCH_PATHS = (
					"$(inherited)",
					"@executable_path/Frameworks",
					"@loader_path/Frameworks",
				);
				PRODUCT_BUNDLE_IDENTIFIER = app.NetworkTests;
				PRODUCT_NAME = "$(TARGET_NAME)";
				SWIFT_VERSION = 5.0;
				TARGETED_DEVICE_FAMILY = "1,2";
				TEST_HOST = "$(BUILT_PRODUCTS_DIR)/CoinTracker.app/CoinTracker";
			};
			name = Release;
		};
/* End XCBuildConfiguration section */

/* Begin XCConfigurationList section */
		58644B2023A0D21900137378 /* Build configuration list for PBXProject "CoinTracker" */ = {
			isa = XCConfigurationList;
			buildConfigurations = (
				58644B4223A0D21D00137378 /* Debug */,
				58644B4323A0D21D00137378 /* Release */,
			);
			defaultConfigurationIsVisible = 0;
			defaultConfigurationName = Release;
		};
		58644B4423A0D21E00137378 /* Build configuration list for PBXNativeTarget "CoinTracker" */ = {
			isa = XCConfigurationList;
			buildConfigurations = (
				58644B4523A0D21E00137378 /* Debug */,
				58644B4623A0D21E00137378 /* Release */,
			);
			defaultConfigurationIsVisible = 0;
			defaultConfigurationName = Release;
		};
		58644B4723A0D21E00137378 /* Build configuration list for PBXNativeTarget "CoinTrackerTests" */ = {
			isa = XCConfigurationList;
			buildConfigurations = (
				58644B4823A0D21E00137378 /* Debug */,
				58644B4923A0D21E00137378 /* Release */,
			);
			defaultConfigurationIsVisible = 0;
			defaultConfigurationName = Release;
		};
		58DDB8A923A502080094B3E9 /* Build configuration list for PBXNativeTarget "Network" */ = {
			isa = XCConfigurationList;
			buildConfigurations = (
				58DDB8AA23A502080094B3E9 /* Debug */,
				58DDB8AB23A502080094B3E9 /* Release */,
			);
			defaultConfigurationIsVisible = 0;
			defaultConfigurationName = Release;
		};
		58DDB8AD23A502080094B3E9 /* Build configuration list for PBXNativeTarget "NetworkTests" */ = {
			isa = XCConfigurationList;
			buildConfigurations = (
				58DDB8AE23A502080094B3E9 /* Debug */,
				58DDB8AF23A502080094B3E9 /* Release */,
			);
			defaultConfigurationIsVisible = 0;
			defaultConfigurationName = Release;
		};
/* End XCConfigurationList section */
	};
	rootObject = 58644B1D23A0D21900137378 /* Project object */;
}
